// !$*UTF8*$!
{
	archiveVersion = 1;
	classes = {
	};
	objectVersion = 50;
	objects = {

/* Begin PBXBuildFile section */
		3258756222B9CE5000EA3966 /* AppDelegate.swift in Sources */ = {isa = PBXBuildFile; fileRef = 3258756122B9CE5000EA3966 /* AppDelegate.swift */; };
		3258756422B9CE5000EA3966 /* ViewController.swift in Sources */ = {isa = PBXBuildFile; fileRef = 3258756322B9CE5000EA3966 /* ViewController.swift */; };
		3258756722B9CE5000EA3966 /* Main.storyboard in Resources */ = {isa = PBXBuildFile; fileRef = 3258756522B9CE5000EA3966 /* Main.storyboard */; };
		3258756922B9CE5100EA3966 /* Assets.xcassets in Resources */ = {isa = PBXBuildFile; fileRef = 3258756822B9CE5100EA3966 /* Assets.xcassets */; };
		3258756C22B9CE5100EA3966 /* LaunchScreen.storyboard in Resources */ = {isa = PBXBuildFile; fileRef = 3258756A22B9CE5100EA3966 /* LaunchScreen.storyboard */; };
		3258757722B9CE5200EA3966 /* WGSwiftSimpleProjectTests.swift in Sources */ = {isa = PBXBuildFile; fileRef = 3258757622B9CE5200EA3966 /* WGSwiftSimpleProjectTests.swift */; };
		3258758222B9CE5200EA3966 /* WGSwiftSimpleProjectUITests.swift in Sources */ = {isa = PBXBuildFile; fileRef = 3258758122B9CE5200EA3966 /* WGSwiftSimpleProjectUITests.swift */; };
/* End PBXBuildFile section */

/* Begin PBXContainerItemProxy section */
		3258757322B9CE5200EA3966 /* PBXContainerItemProxy */ = {
			isa = PBXContainerItemProxy;
			containerPortal = 3258755622B9CE5000EA3966 /* Project object */;
			proxyType = 1;
			remoteGlobalIDString = 3258755D22B9CE5000EA3966;
			remoteInfo = WGSwiftSimpleProject;
		};
		3258757E22B9CE5200EA3966 /* PBXContainerItemProxy */ = {
			isa = PBXContainerItemProxy;
			containerPortal = 3258755622B9CE5000EA3966 /* Project object */;
			proxyType = 1;
			remoteGlobalIDString = 3258755D22B9CE5000EA3966;
			remoteInfo = WGSwiftSimpleProject;
		};
/* End PBXContainerItemProxy section */

/* Begin PBXFileReference section */
		3258755E22B9CE5000EA3966 /* WGSwiftSimpleProject.app */ = {isa = PBXFileReference; explicitFileType = wrapper.application; includeInIndex = 0; path = WGSwiftSimpleProject.app; sourceTree = BUILT_PRODUCTS_DIR; };
		3258756122B9CE5000EA3966 /* AppDelegate.swift */ = {isa = PBXFileReference; lastKnownFileType = sourcecode.swift; path = AppDelegate.swift; sourceTree = "<group>"; };
		3258756322B9CE5000EA3966 /* ViewController.swift */ = {isa = PBXFileReference; lastKnownFileType = sourcecode.swift; path = ViewController.swift; sourceTree = "<group>"; };
		3258756622B9CE5000EA3966 /* Base */ = {isa = PBXFileReference; lastKnownFileType = file.storyboard; name = Base; path = Base.lproj/Main.storyboard; sourceTree = "<group>"; };
		3258756822B9CE5100EA3966 /* Assets.xcassets */ = {isa = PBXFileReference; lastKnownFileType = folder.assetcatalog; path = Assets.xcassets; sourceTree = "<group>"; };
		3258756B22B9CE5100EA3966 /* Base */ = {isa = PBXFileReference; lastKnownFileType = file.storyboard; name = Base; path = Base.lproj/LaunchScreen.storyboard; sourceTree = "<group>"; };
		3258756D22B9CE5100EA3966 /* Info.plist */ = {isa = PBXFileReference; lastKnownFileType = text.plist.xml; path = Info.plist; sourceTree = "<group>"; };
		3258757222B9CE5200EA3966 /* WGSwiftSimpleProjectTests.xctest */ = {isa = PBXFileReference; explicitFileType = wrapper.cfbundle; includeInIndex = 0; path = WGSwiftSimpleProjectTests.xctest; sourceTree = BUILT_PRODUCTS_DIR; };
		3258757622B9CE5200EA3966 /* WGSwiftSimpleProjectTests.swift */ = {isa = PBXFileReference; lastKnownFileType = sourcecode.swift; path = WGSwiftSimpleProjectTests.swift; sourceTree = "<group>"; };
		3258757822B9CE5200EA3966 /* Info.plist */ = {isa = PBXFileReference; lastKnownFileType = text.plist.xml; path = Info.plist; sourceTree = "<group>"; };
		3258757D22B9CE5200EA3966 /* WGSwiftSimpleProjectUITests.xctest */ = {isa = PBXFileReference; explicitFileType = wrapper.cfbundle; includeInIndex = 0; path = WGSwiftSimpleProjectUITests.xctest; sourceTree = BUILT_PRODUCTS_DIR; };
		3258758122B9CE5200EA3966 /* WGSwiftSimpleProjectUITests.swift */ = {isa = PBXFileReference; lastKnownFileType = sourcecode.swift; path = WGSwiftSimpleProjectUITests.swift; sourceTree = "<group>"; };
		3258758322B9CE5200EA3966 /* Info.plist */ = {isa = PBXFileReference; lastKnownFileType = text.plist.xml; path = Info.plist; sourceTree = "<group>"; };
/* End PBXFileReference section */

/* Begin PBXFrameworksBuildPhase section */
		3258755B22B9CE5000EA3966 /* Frameworks */ = {
			isa = PBXFrameworksBuildPhase;
			buildActionMask = 2147483647;
			files = (
			);
			runOnlyForDeploymentPostprocessing = 0;
		};
		3258756F22B9CE5200EA3966 /* Frameworks */ = {
			isa = PBXFrameworksBuildPhase;
			buildActionMask = 2147483647;
			files = (
			);
			runOnlyForDeploymentPostprocessing = 0;
		};
		3258757A22B9CE5200EA3966 /* Frameworks */ = {
			isa = PBXFrameworksBuildPhase;
			buildActionMask = 2147483647;
			files = (
			);
			runOnlyForDeploymentPostprocessing = 0;
		};
/* End PBXFrameworksBuildPhase section */

/* Begin PBXGroup section */
		3258755522B9CE5000EA3966 = {
			isa = PBXGroup;
			children = (
				3258756022B9CE5000EA3966 /* WGSwiftSimpleProject */,
				3258757522B9CE5200EA3966 /* WGSwiftSimpleProjectTests */,
				3258758022B9CE5200EA3966 /* WGSwiftSimpleProjectUITests */,
				3258755F22B9CE5000EA3966 /* Products */,
			);
			sourceTree = "<group>";
		};
		3258755F22B9CE5000EA3966 /* Products */ = {
			isa = PBXGroup;
			children = (
				3258755E22B9CE5000EA3966 /* WGSwiftSimpleProject.app */,
				3258757222B9CE5200EA3966 /* WGSwiftSimpleProjectTests.xctest */,
				3258757D22B9CE5200EA3966 /* WGSwiftSimpleProjectUITests.xctest */,
			);
			name = Products;
			sourceTree = "<group>";
		};
		3258756022B9CE5000EA3966 /* WGSwiftSimpleProject */ = {
			isa = PBXGroup;
			children = (
				3258756122B9CE5000EA3966 /* AppDelegate.swift */,
				3258756322B9CE5000EA3966 /* ViewController.swift */,
				3258756522B9CE5000EA3966 /* Main.storyboard */,
				3258756822B9CE5100EA3966 /* Assets.xcassets */,
				3258756A22B9CE5100EA3966 /* LaunchScreen.storyboard */,
				3258756D22B9CE5100EA3966 /* Info.plist */,
			);
			path = WGSwiftSimpleProject;
			sourceTree = "<group>";
		};
		3258757522B9CE5200EA3966 /* WGSwiftSimpleProjectTests */ = {
			isa = PBXGroup;
			children = (
				3258757622B9CE5200EA3966 /* WGSwiftSimpleProjectTests.swift */,
				3258757822B9CE5200EA3966 /* Info.plist */,
			);
			path = WGSwiftSimpleProjectTests;
			sourceTree = "<group>";
		};
		3258758022B9CE5200EA3966 /* WGSwiftSimpleProjectUITests */ = {
			isa = PBXGroup;
			children = (
				3258758122B9CE5200EA3966 /* WGSwiftSimpleProjectUITests.swift */,
				3258758322B9CE5200EA3966 /* Info.plist */,
			);
			path = WGSwiftSimpleProjectUITests;
			sourceTree = "<group>";
		};
/* End PBXGroup section */

/* Begin PBXNativeTarget section */
		3258755D22B9CE5000EA3966 /* WGSwiftSimpleProject */ = {
			isa = PBXNativeTarget;
			buildConfigurationList = 3258758622B9CE5200EA3966 /* Build configuration list for PBXNativeTarget "WGSwiftSimpleProject" */;
			buildPhases = (
				3258755A22B9CE5000EA3966 /* Sources */,
				3258755B22B9CE5000EA3966 /* Frameworks */,
				3258755C22B9CE5000EA3966 /* Resources */,
			);
			buildRules = (
			);
			dependencies = (
			);
			name = WGSwiftSimpleProject;
			productName = WGSwiftSimpleProject;
			productReference = 3258755E22B9CE5000EA3966 /* WGSwiftSimpleProject.app */;
			productType = "com.apple.product-type.application";
		};
		3258757122B9CE5200EA3966 /* WGSwiftSimpleProjectTests */ = {
			isa = PBXNativeTarget;
			buildConfigurationList = 3258758922B9CE5200EA3966 /* Build configuration list for PBXNativeTarget "WGSwiftSimpleProjectTests" */;
			buildPhases = (
				3258756E22B9CE5200EA3966 /* Sources */,
				3258756F22B9CE5200EA3966 /* Frameworks */,
				3258757022B9CE5200EA3966 /* Resources */,
			);
			buildRules = (
			);
			dependencies = (
				3258757422B9CE5200EA3966 /* PBXTargetDependency */,
			);
			name = WGSwiftSimpleProjectTests;
			productName = WGSwiftSimpleProjectTests;
			productReference = 3258757222B9CE5200EA3966 /* WGSwiftSimpleProjectTests.xctest */;
			productType = "com.apple.product-type.bundle.unit-test";
		};
		3258757C22B9CE5200EA3966 /* WGSwiftSimpleProjectUITests */ = {
			isa = PBXNativeTarget;
			buildConfigurationList = 3258758C22B9CE5200EA3966 /* Build configuration list for PBXNativeTarget "WGSwiftSimpleProjectUITests" */;
			buildPhases = (
				3258757922B9CE5200EA3966 /* Sources */,
				3258757A22B9CE5200EA3966 /* Frameworks */,
				3258757B22B9CE5200EA3966 /* Resources */,
			);
			buildRules = (
			);
			dependencies = (
				3258757F22B9CE5200EA3966 /* PBXTargetDependency */,
			);
			name = WGSwiftSimpleProjectUITests;
			productName = WGSwiftSimpleProjectUITests;
			productReference = 3258757D22B9CE5200EA3966 /* WGSwiftSimpleProjectUITests.xctest */;
			productType = "com.apple.product-type.bundle.ui-testing";
		};
/* End PBXNativeTarget section */

/* Begin PBXProject section */
		3258755622B9CE5000EA3966 /* Project object */ = {
			isa = PBXProject;
			attributes = {
				LastSwiftUpdateCheck = 1000;
				LastUpgradeCheck = 1000;
				ORGANIZATIONNAME = wg;
				TargetAttributes = {
					3258755D22B9CE5000EA3966 = {
						CreatedOnToolsVersion = 10.0;
					};
					3258757122B9CE5200EA3966 = {
						CreatedOnToolsVersion = 10.0;
						TestTargetID = 3258755D22B9CE5000EA3966;
					};
					3258757C22B9CE5200EA3966 = {
						CreatedOnToolsVersion = 10.0;
						TestTargetID = 3258755D22B9CE5000EA3966;
					};
				};
			};
			buildConfigurationList = 3258755922B9CE5000EA3966 /* Build configuration list for PBXProject "WGSwiftSimpleProject" */;
			compatibilityVersion = "Xcode 9.3";
			developmentRegion = en;
			hasScannedForEncodings = 0;
			knownRegions = (
				en,
				Base,
			);
			mainGroup = 3258755522B9CE5000EA3966;
			productRefGroup = 3258755F22B9CE5000EA3966 /* Products */;
			projectDirPath = "";
			projectRoot = "";
			targets = (
				3258755D22B9CE5000EA3966 /* WGSwiftSimpleProject */,
				3258757122B9CE5200EA3966 /* WGSwiftSimpleProjectTests */,
				3258757C22B9CE5200EA3966 /* WGSwiftSimpleProjectUITests */,
			);
		};
/* End PBXProject section */

/* Begin PBXResourcesBuildPhase section */
		3258755C22B9CE5000EA3966 /* Resources */ = {
			isa = PBXResourcesBuildPhase;
			buildActionMask = 2147483647;
			files = (
				3258756C22B9CE5100EA3966 /* LaunchScreen.storyboard in Resources */,
				3258756922B9CE5100EA3966 /* Assets.xcassets in Resources */,
				3258756722B9CE5000EA3966 /* Main.storyboard in Resources */,
			);
			runOnlyForDeploymentPostprocessing = 0;
		};
		3258757022B9CE5200EA3966 /* Resources */ = {
			isa = PBXResourcesBuildPhase;
			buildActionMask = 2147483647;
			files = (
			);
			runOnlyForDeploymentPostprocessing = 0;
		};
		3258757B22B9CE5200EA3966 /* Resources */ = {
			isa = PBXResourcesBuildPhase;
			buildActionMask = 2147483647;
			files = (
			);
			runOnlyForDeploymentPostprocessing = 0;
		};
/* End PBXResourcesBuildPhase section */

/* Begin PBXSourcesBuildPhase section */
		3258755A22B9CE5000EA3966 /* Sources */ = {
			isa = PBXSourcesBuildPhase;
			buildActionMask = 2147483647;
			files = (
				3258756422B9CE5000EA3966 /* ViewController.swift in Sources */,
				3258756222B9CE5000EA3966 /* AppDelegate.swift in Sources */,
			);
			runOnlyForDeploymentPostprocessing = 0;
		};
		3258756E22B9CE5200EA3966 /* Sources */ = {
			isa = PBXSourcesBuildPhase;
			buildActionMask = 2147483647;
			files = (
				3258757722B9CE5200EA3966 /* WGSwiftSimpleProjectTests.swift in Sources */,
			);
			runOnlyForDeploymentPostprocessing = 0;
		};
		3258757922B9CE5200EA3966 /* Sources */ = {
			isa = PBXSourcesBuildPhase;
			buildActionMask = 2147483647;
			files = (
				3258758222B9CE5200EA3966 /* WGSwiftSimpleProjectUITests.swift in Sources */,
			);
			runOnlyForDeploymentPostprocessing = 0;
		};
/* End PBXSourcesBuildPhase section */

/* Begin PBXTargetDependency section */
		3258757422B9CE5200EA3966 /* PBXTargetDependency */ = {
			isa = PBXTargetDependency;
			target = 3258755D22B9CE5000EA3966 /* WGSwiftSimpleProject */;
			targetProxy = 3258757322B9CE5200EA3966 /* PBXContainerItemProxy */;
		};
		3258757F22B9CE5200EA3966 /* PBXTargetDependency */ = {
			isa = PBXTargetDependency;
			target = 3258755D22B9CE5000EA3966 /* WGSwiftSimpleProject */;
			targetProxy = 3258757E22B9CE5200EA3966 /* PBXContainerItemProxy */;
		};
/* End PBXTargetDependency section */

/* Begin PBXVariantGroup section */
		3258756522B9CE5000EA3966 /* Main.storyboard */ = {
			isa = PBXVariantGroup;
			children = (
				3258756622B9CE5000EA3966 /* Base */,
			);
			name = Main.storyboard;
			sourceTree = "<group>";
		};
		3258756A22B9CE5100EA3966 /* LaunchScreen.storyboard */ = {
			isa = PBXVariantGroup;
			children = (
				3258756B22B9CE5100EA3966 /* Base */,
			);
			name = LaunchScreen.storyboard;
			sourceTree = "<group>";
		};
/* End PBXVariantGroup section */

/* Begin XCBuildConfiguration section */
		3258758422B9CE5200EA3966 /* Debug */ = {
			isa = XCBuildConfiguration;
			buildSettings = {
				ALWAYS_SEARCH_USER_PATHS = NO;
				CLANG_ANALYZER_NONNULL = YES;
				CLANG_ANALYZER_NUMBER_OBJECT_CONVERSION = YES_AGGRESSIVE;
				CLANG_CXX_LANGUAGE_STANDARD = "gnu++14";
				CLANG_CXX_LIBRARY = "libc++";
				CLANG_ENABLE_MODULES = YES;
				CLANG_ENABLE_OBJC_ARC = YES;
				CLANG_ENABLE_OBJC_WEAK = YES;
				CLANG_WARN_BLOCK_CAPTURE_AUTORELEASING = YES;
				CLANG_WARN_BOOL_CONVERSION = YES;
				CLANG_WARN_COMMA = YES;
				CLANG_WARN_CONSTANT_CONVERSION = YES;
				CLANG_WARN_DEPRECATED_OBJC_IMPLEMENTATIONS = YES;
				CLANG_WARN_DIRECT_OBJC_ISA_USAGE = YES_ERROR;
				CLANG_WARN_DOCUMENTATION_COMMENTS = YES;
				CLANG_WARN_EMPTY_BODY = YES;
				CLANG_WARN_ENUM_CONVERSION = YES;
				CLANG_WARN_INFINITE_RECURSION = YES;
				CLANG_WARN_INT_CONVERSION = YES;
				CLANG_WARN_NON_LITERAL_NULL_CONVERSION = YES;
				CLANG_WARN_OBJC_IMPLICIT_RETAIN_SELF = YES;
				CLANG_WARN_OBJC_LITERAL_CONVERSION = YES;
				CLANG_WARN_OBJC_ROOT_CLASS = YES_ERROR;
				CLANG_WARN_RANGE_LOOP_ANALYSIS = YES;
				CLANG_WARN_STRICT_PROTOTYPES = YES;
				CLANG_WARN_SUSPICIOUS_MOVE = YES;
				CLANG_WARN_UNGUARDED_AVAILABILITY = YES_AGGRESSIVE;
				CLANG_WARN_UNREACHABLE_CODE = YES;
				CLANG_WARN__DUPLICATE_METHOD_MATCH = YES;
				CODE_SIGN_IDENTITY = "iPhone Developer";
				COPY_PHASE_STRIP = NO;
				DEBUG_INFORMATION_FORMAT = dwarf;
				ENABLE_STRICT_OBJC_MSGSEND = YES;
				ENABLE_TESTABILITY = YES;
				GCC_C_LANGUAGE_STANDARD = gnu11;
				GCC_DYNAMIC_NO_PIC = NO;
				GCC_NO_COMMON_BLOCKS = YES;
				GCC_OPTIMIZATION_LEVEL = 0;
				GCC_PREPROCESSOR_DEFINITIONS = (
					"DEBUG=1",
					"$(inherited)",
				);
				GCC_WARN_64_TO_32_BIT_CONVERSION = YES;
				GCC_WARN_ABOUT_RETURN_TYPE = YES_ERROR;
				GCC_WARN_UNDECLARED_SELECTOR = YES;
				GCC_WARN_UNINITIALIZED_AUTOS = YES_AGGRESSIVE;
				GCC_WARN_UNUSED_FUNCTION = YES;
				GCC_WARN_UNUSED_VARIABLE = YES;
				IPHONEOS_DEPLOYMENT_TARGET = 12.0;
				MTL_ENABLE_DEBUG_INFO = INCLUDE_SOURCE;
				MTL_FAST_MATH = YES;
				ONLY_ACTIVE_ARCH = YES;
				SDKROOT = iphoneos;
				SWIFT_ACTIVE_COMPILATION_CONDITIONS = DEBUG;
				SWIFT_OPTIMIZATION_LEVEL = "-Onone";
			};
			name = Debug;
		};
		3258758522B9CE5200EA3966 /* Release */ = {
			isa = XCBuildConfiguration;
			buildSettings = {
				ALWAYS_SEARCH_USER_PATHS = NO;
				CLANG_ANALYZER_NONNULL = YES;
				CLANG_ANALYZER_NUMBER_OBJECT_CONVERSION = YES_AGGRESSIVE;
				CLANG_CXX_LANGUAGE_STANDARD = "gnu++14";
				CLANG_CXX_LIBRARY = "libc++";
				CLANG_ENABLE_MODULES = YES;
				CLANG_ENABLE_OBJC_ARC = YES;
				CLANG_ENABLE_OBJC_WEAK = YES;
				CLANG_WARN_BLOCK_CAPTURE_AUTORELEASING = YES;
				CLANG_WARN_BOOL_CONVERSION = YES;
				CLANG_WARN_COMMA = YES;
				CLANG_WARN_CONSTANT_CONVERSION = YES;
				CLANG_WARN_DEPRECATED_OBJC_IMPLEMENTATIONS = YES;
				CLANG_WARN_DIRECT_OBJC_ISA_USAGE = YES_ERROR;
				CLANG_WARN_DOCUMENTATION_COMMENTS = YES;
				CLANG_WARN_EMPTY_BODY = YES;
				CLANG_WARN_ENUM_CONVERSION = YES;
				CLANG_WARN_INFINITE_RECURSION = YES;
				CLANG_WARN_INT_CONVERSION = YES;
				CLANG_WARN_NON_LITERAL_NULL_CONVERSION = YES;
				CLANG_WARN_OBJC_IMPLICIT_RETAIN_SELF = YES;
				CLANG_WARN_OBJC_LITERAL_CONVERSION = YES;
				CLANG_WARN_OBJC_ROOT_CLASS = YES_ERROR;
				CLANG_WARN_RANGE_LOOP_ANALYSIS = YES;
				CLANG_WARN_STRICT_PROTOTYPES = YES;
				CLANG_WARN_SUSPICIOUS_MOVE = YES;
				CLANG_WARN_UNGUARDED_AVAILABILITY = YES_AGGRESSIVE;
				CLANG_WARN_UNREACHABLE_CODE = YES;
				CLANG_WARN__DUPLICATE_METHOD_MATCH = YES;
				CODE_SIGN_IDENTITY = "iPhone Developer";
				COPY_PHASE_STRIP = NO;
				DEBUG_INFORMATION_FORMAT = "dwarf-with-dsym";
				ENABLE_NS_ASSERTIONS = NO;
				ENABLE_STRICT_OBJC_MSGSEND = YES;
				GCC_C_LANGUAGE_STANDARD = gnu11;
				GCC_NO_COMMON_BLOCKS = YES;
				GCC_WARN_64_TO_32_BIT_CONVERSION = YES;
				GCC_WARN_ABOUT_RETURN_TYPE = YES_ERROR;
				GCC_WARN_UNDECLARED_SELECTOR = YES;
				GCC_WARN_UNINITIALIZED_AUTOS = YES_AGGRESSIVE;
				GCC_WARN_UNUSED_FUNCTION = YES;
				GCC_WARN_UNUSED_VARIABLE = YES;
				IPHONEOS_DEPLOYMENT_TARGET = 12.0;
				MTL_ENABLE_DEBUG_INFO = NO;
				MTL_FAST_MATH = YES;
				SDKROOT = iphoneos;
				SWIFT_COMPILATION_MODE = wholemodule;
				SWIFT_OPTIMIZATION_LEVEL = "-O";
				VALIDATE_PRODUCT = YES;
			};
			name = Release;
		};
		3258758722B9CE5200EA3966 /* Debug */ = {
			isa = XCBuildConfiguration;
			buildSettings = {
				ASSETCATALOG_COMPILER_APPICON_NAME = AppIcon;
				CODE_SIGN_STYLE = Automatic;
				DEVELOPMENT_TEAM = 49T87S5RLN;
				INFOPLIST_FILE = WGSwiftSimpleProject/Info.plist;
				LD_RUNPATH_SEARCH_PATHS = (
					"$(inherited)",
					"@executable_path/Frameworks",
				);
				PRODUCT_BUNDLE_IDENTIFIER = com.wg.WGSwiftSimpleProject;
				PRODUCT_NAME = "$(TARGET_NAME)";
				SWIFT_VERSION = 4.2;
				TARGETED_DEVICE_FAMILY = "1,2";
			};
			name = Debug;
		};
		3258758822B9CE5200EA3966 /* Release */ = {
			isa = XCBuildConfiguration;
			buildSettings = {
				ASSETCATALOG_COMPILER_APPICON_NAME = AppIcon;
				CODE_SIGN_STYLE = Automatic;
				DEVELOPMENT_TEAM = 49T87S5RLN;
				INFOPLIST_FILE = WGSwiftSimpleProject/Info.plist;
				LD_RUNPATH_SEARCH_PATHS = (
					"$(inherited)",
					"@executable_path/Frameworks",
				);
				PRODUCT_BUNDLE_IDENTIFIER = com.wg.WGSwiftSimpleProject;
				PRODUCT_NAME = "$(TARGET_NAME)";
				SWIFT_VERSION = 4.2;
				TARGETED_DEVICE_FAMILY = "1,2";
			};
			name = Release;
		};
		3258758A22B9CE5200EA3966 /* Debug */ = {
			isa = XCBuildConfiguration;
			buildSettings = {
				ALWAYS_EMBED_SWIFT_STANDARD_LIBRARIES = YES;
				BUNDLE_LOADER = "$(TEST_HOST)";
				CODE_SIGN_STYLE = Automatic;
				DEVELOPMENT_TEAM = 49T87S5RLN;
				INFOPLIST_FILE = WGSwiftSimpleProjectTests/Info.plist;
				LD_RUNPATH_SEARCH_PATHS = (
					"$(inherited)",
					"@executable_path/Frameworks",
					"@loader_path/Frameworks",
				);
				PRODUCT_BUNDLE_IDENTIFIER = com.wg.WGSwiftSimpleProjectTests;
				PRODUCT_NAME = "$(TARGET_NAME)";
				SWIFT_VERSION = 4.2;
				TARGETED_DEVICE_FAMILY = "1,2";
				TEST_HOST = "$(BUILT_PRODUCTS_DIR)/WGSwiftSimpleProject.app/WGSwiftSimpleProject";
			};
			name = Debug;
		};
		3258758B22B9CE5200EA3966 /* Release */ = {
			isa = XCBuildConfiguration;
			buildSettings = {
				ALWAYS_EMBED_SWIFT_STANDARD_LIBRARIES = YES;
				BUNDLE_LOADER = "$(TEST_HOST)";
				CODE_SIGN_STYLE = Automatic;
				DEVELOPMENT_TEAM = 49T87S5RLN;
				INFOPLIST_FILE = WGSwiftSimpleProjectTests/Info.plist;
				LD_RUNPATH_SEARCH_PATHS = (
					"$(inherited)",
					"@executable_path/Frameworks",
					"@loader_path/Frameworks",
				);
				PRODUCT_BUNDLE_IDENTIFIER = com.wg.WGSwiftSimpleProjectTests;
				PRODUCT_NAME = "$(TARGET_NAME)";
				SWIFT_VERSION = 4.2;
				TARGETED_DEVICE_FAMILY = "1,2";
				TEST_HOST = "$(BUILT_PRODUCTS_DIR)/WGSwiftSimpleProject.app/WGSwiftSimpleProject";
			};
			name = Release;
		};
		3258758D22B9CE5200EA3966 /* Debug */ = {
			isa = XCBuildConfiguration;
			buildSettings = {
				ALWAYS_EMBED_SWIFT_STANDARD_LIBRARIES = YES;
				CODE_SIGN_STYLE = Automatic;
				DEVELOPMENT_TEAM = 49T87S5RLN;
				INFOPLIST_FILE = WGSwiftSimpleProjectUITests/Info.plist;
				LD_RUNPATH_SEARCH_PATHS = (
					"$(inherited)",
					"@executable_path/Frameworks",
					"@loader_path/Frameworks",
				);
				PRODUCT_BUNDLE_IDENTIFIER = com.wg.WGSwiftSimpleProjectUITests;
				PRODUCT_NAME = "$(TARGET_NAME)";
				SWIFT_VERSION = 4.2;
				TARGETED_DEVICE_FAMILY = "1,2";
				TEST_TARGET_NAME = WGSwiftSimpleProject;
			};
			name = Debug;
		};
		3258758E22B9CE5200EA3966 /* Release */ = {
			isa = XCBuildConfiguration;
			buildSettings = {
				ALWAYS_EMBED_SWIFT_STANDARD_LIBRARIES = YES;
				CODE_SIGN_STYLE = Automatic;
				DEVELOPMENT_TEAM = 49T87S5RLN;
				INFOPLIST_FILE = WGSwiftSimpleProjectUITests/Info.plist;
				LD_RUNPATH_SEARCH_PATHS = (
					"$(inherited)",
					"@executable_path/Frameworks",
					"@loader_path/Frameworks",
				);
				PRODUCT_BUNDLE_IDENTIFIER = com.wg.WGSwiftSimpleProjectUITests;
				PRODUCT_NAME = "$(TARGET_NAME)";
				SWIFT_VERSION = 4.2;
				TARGETED_DEVICE_FAMILY = "1,2";
				TEST_TARGET_NAME = WGSwiftSimpleProject;
			};
			name = Release;
		};
/* End XCBuildConfiguration section */

/* Begin XCConfigurationList section */
		3258755922B9CE5000EA3966 /* Build configuration list for PBXProject "WGSwiftSimpleProject" */ = {
			isa = XCConfigurationList;
			buildConfigurations = (
				3258758422B9CE5200EA3966 /* Debug */,
				3258758522B9CE5200EA3966 /* Release */,
			);
			defaultConfigurationIsVisible = 0;
			defaultConfigurationName = Release;
		};
		3258758622B9CE5200EA3966 /* Build configuration list for PBXNativeTarget "WGSwiftSimpleProject" */ = {
			isa = XCConfigurationList;
			buildConfigurations = (
				3258758722B9CE5200EA3966 /* Debug */,
				3258758822B9CE5200EA3966 /* Release */,
			);
			defaultConfigurationIsVisible = 0;
			defaultConfigurationName = Release;
		};
		3258758922B9CE5200EA3966 /* Build configuration list for PBXNativeTarget "WGSwiftSimpleProjectTests" */ = {
			isa = XCConfigurationList;
			buildConfigurations = (
				3258758A22B9CE5200EA3966 /* Debug */,
				3258758B22B9CE5200EA3966 /* Release */,
			);
			defaultConfigurationIsVisible = 0;
			defaultConfigurationName = Release;
		};
		3258758C22B9CE5200EA3966 /* Build configuration list for PBXNativeTarget "WGSwiftSimpleProjectUITests" */ = {
			isa = XCConfigurationList;
			buildConfigurations = (
				3258758D22B9CE5200EA3966 /* Debug */,
				3258758E22B9CE5200EA3966 /* Release */,
			);
			defaultConfigurationIsVisible = 0;
			defaultConfigurationName = Release;
		};
/* End XCConfigurationList section */
	};
	rootObject = 3258755622B9CE5000EA3966 /* Project object */;
}
