// !$*UTF8*$!
{
	archiveVersion = 1;
	classes = {
	};
	objectVersion = 50;
	objects = {

/* Begin PBXBuildFile section */
		3220798122BA0A04009C9461 /* WGNetRequest.swift in Sources */ = {isa = PBXBuildFile; fileRef = 3220798022BA0A04009C9461 /* WGNetRequest.swift */; };
		3220798422BA179A009C9461 /* WGCommonMethod.swift in Sources */ = {isa = PBXBuildFile; fileRef = 3220798322BA179A009C9461 /* WGCommonMethod.swift */; };
		3220798722BA1921009C9461 /* String_md5.swift in Sources */ = {isa = PBXBuildFile; fileRef = 3220798622BA1921009C9461 /* String_md5.swift */; };
		3220798922BA2033009C9461 /* Dictionary_merge.swift in Sources */ = {isa = PBXBuildFile; fileRef = 3220798822BA2033009C9461 /* Dictionary_merge.swift */; };
		3220799122BB189C009C9461 /* WGLoginModel.swift in Sources */ = {isa = PBXBuildFile; fileRef = 3220799022BB189C009C9461 /* WGLoginModel.swift */; };
		3224657922BC86250024C5C6 /* WGAdvertisingModel.swift in Sources */ = {isa = PBXBuildFile; fileRef = 3224657822BC86250024C5C6 /* WGAdvertisingModel.swift */; };
		3224657B22BCA4120024C5C6 /* WGAdvertisingCollectionViewCell.swift in Sources */ = {isa = PBXBuildFile; fileRef = 3224657A22BCA4120024C5C6 /* WGAdvertisingCollectionViewCell.swift */; };
		3224657D22BCAB480024C5C6 /* WGDescovHospitalListModel.swift in Sources */ = {isa = PBXBuildFile; fileRef = 3224657C22BCAB480024C5C6 /* WGDescovHospitalListModel.swift */; };
		3224657F22BCAFFC0024C5C6 /* WGDescovHospitalTableViewCell.swift in Sources */ = {isa = PBXBuildFile; fileRef = 3224657E22BCAFFC0024C5C6 /* WGDescovHospitalTableViewCell.swift */; };
		3224658122BCCB3F0024C5C6 /* WGDesHospitalHeaderView.swift in Sources */ = {isa = PBXBuildFile; fileRef = 3224658022BCCB3F0024C5C6 /* WGDesHospitalHeaderView.swift */; };
		322F13B122BB681B00FE561E /* WGTabBarController.swift in Sources */ = {isa = PBXBuildFile; fileRef = 322F13B022BB681B00FE561E /* WGTabBarController.swift */; };
		322F13B322BB6E0600FE561E /* WGTrainMainViewController.swift in Sources */ = {isa = PBXBuildFile; fileRef = 322F13B222BB6E0600FE561E /* WGTrainMainViewController.swift */; };
		322F13B522BB6E1C00FE561E /* WGMyMainViewController.swift in Sources */ = {isa = PBXBuildFile; fileRef = 322F13B422BB6E1C00FE561E /* WGMyMainViewController.swift */; };
		322F13B922BB7AB400FE561E /* WGSetingViewController.swift in Sources */ = {isa = PBXBuildFile; fileRef = 322F13B822BB7AB400FE561E /* WGSetingViewController.swift */; };
		322F13BD22BB8D8800FE561E /* WGHUD.swift in Sources */ = {isa = PBXBuildFile; fileRef = 322F13BC22BB8D8800FE561E /* WGHUD.swift */; };
		3258756222B9CE5000EA3966 /* AppDelegate.swift in Sources */ = {isa = PBXBuildFile; fileRef = 3258756122B9CE5000EA3966 /* AppDelegate.swift */; };
		3258756922B9CE5100EA3966 /* Assets.xcassets in Resources */ = {isa = PBXBuildFile; fileRef = 3258756822B9CE5100EA3966 /* Assets.xcassets */; };
		3258756C22B9CE5100EA3966 /* LaunchScreen.storyboard in Resources */ = {isa = PBXBuildFile; fileRef = 3258756A22B9CE5100EA3966 /* LaunchScreen.storyboard */; };
		3258757722B9CE5200EA3966 /* WGSwiftSimpleProjectTests.swift in Sources */ = {isa = PBXBuildFile; fileRef = 3258757622B9CE5200EA3966 /* WGSwiftSimpleProjectTests.swift */; };
		3258758222B9CE5200EA3966 /* WGSwiftSimpleProjectUITests.swift in Sources */ = {isa = PBXBuildFile; fileRef = 3258758122B9CE5200EA3966 /* WGSwiftSimpleProjectUITests.swift */; };
		3258759022B9D0FB00EA3966 /* WGLoginViewController.swift in Sources */ = {isa = PBXBuildFile; fileRef = 3258758F22B9D0FB00EA3966 /* WGLoginViewController.swift */; };
		3258759822B9D77F00EA3966 /* UIView_WGFrame.swift in Sources */ = {isa = PBXBuildFile; fileRef = 3258759722B9D77F00EA3966 /* UIView_WGFrame.swift */; };
		3258759A22B9D81900EA3966 /* WGDefineFile.swift in Sources */ = {isa = PBXBuildFile; fileRef = 3258759922B9D81900EA3966 /* WGDefineFile.swift */; };
		48B8D2CA29AA4D97CD603190 /* Pods_WGSwiftSimpleProject.framework in Frameworks */ = {isa = PBXBuildFile; fileRef = 068042F1015F5F1FD488B9B4 /* Pods_WGSwiftSimpleProject.framework */; };
/* End PBXBuildFile section */

/* Begin PBXContainerItemProxy section */
		3258757322B9CE5200EA3966 /* PBXContainerItemProxy */ = {
			isa = PBXContainerItemProxy;
			containerPortal = 3258755622B9CE5000EA3966 /* Project object */;
			proxyType = 1;
			remoteGlobalIDString = 3258755D22B9CE5000EA3966;
			remoteInfo = WGSwiftSimpleProject;
		};
		3258757E22B9CE5200EA3966 /* PBXContainerItemProxy */ = {
			isa = PBXContainerItemProxy;
			containerPortal = 3258755622B9CE5000EA3966 /* Project object */;
			proxyType = 1;
			remoteGlobalIDString = 3258755D22B9CE5000EA3966;
			remoteInfo = WGSwiftSimpleProject;
		};
/* End PBXContainerItemProxy section */

/* Begin PBXFileReference section */
		05B3593A6FA6D383067F50C8 /* Pods-WGSwiftSimpleProject.release.xcconfig */ = {isa = PBXFileReference; includeInIndex = 1; lastKnownFileType = text.xcconfig; name = "Pods-WGSwiftSimpleProject.release.xcconfig"; path = "Pods/Target Support Files/Pods-WGSwiftSimpleProject/Pods-WGSwiftSimpleProject.release.xcconfig"; sourceTree = "<group>"; };
		068042F1015F5F1FD488B9B4 /* Pods_WGSwiftSimpleProject.framework */ = {isa = PBXFileReference; explicitFileType = wrapper.framework; includeInIndex = 0; path = Pods_WGSwiftSimpleProject.framework; sourceTree = BUILT_PRODUCTS_DIR; };
		3220798022BA0A04009C9461 /* WGNetRequest.swift */ = {isa = PBXFileReference; lastKnownFileType = sourcecode.swift; path = WGNetRequest.swift; sourceTree = "<group>"; };
		3220798322BA179A009C9461 /* WGCommonMethod.swift */ = {isa = PBXFileReference; lastKnownFileType = sourcecode.swift; path = WGCommonMethod.swift; sourceTree = "<group>"; };
		3220798622BA1921009C9461 /* String_md5.swift */ = {isa = PBXFileReference; lastKnownFileType = sourcecode.swift; path = String_md5.swift; sourceTree = "<group>"; };
		3220798822BA2033009C9461 /* Dictionary_merge.swift */ = {isa = PBXFileReference; lastKnownFileType = sourcecode.swift; path = Dictionary_merge.swift; sourceTree = "<group>"; };
		3220798C22BA33DF009C9461 /* WGSwiftSimpleProject-Briding-Header.h */ = {isa = PBXFileReference; lastKnownFileType = sourcecode.c.h; path = "WGSwiftSimpleProject-Briding-Header.h"; sourceTree = "<group>"; };
		3220799022BB189C009C9461 /* WGLoginModel.swift */ = {isa = PBXFileReference; lastKnownFileType = sourcecode.swift; path = WGLoginModel.swift; sourceTree = "<group>"; };
		3224657822BC86250024C5C6 /* WGAdvertisingModel.swift */ = {isa = PBXFileReference; lastKnownFileType = sourcecode.swift; path = WGAdvertisingModel.swift; sourceTree = "<group>"; };
		3224657A22BCA4120024C5C6 /* WGAdvertisingCollectionViewCell.swift */ = {isa = PBXFileReference; lastKnownFileType = sourcecode.swift; path = WGAdvertisingCollectionViewCell.swift; sourceTree = "<group>"; };
		3224657C22BCAB480024C5C6 /* WGDescovHospitalListModel.swift */ = {isa = PBXFileReference; lastKnownFileType = sourcecode.swift; path = WGDescovHospitalListModel.swift; sourceTree = "<group>"; };
		3224657E22BCAFFC0024C5C6 /* WGDescovHospitalTableViewCell.swift */ = {isa = PBXFileReference; lastKnownFileType = sourcecode.swift; path = WGDescovHospitalTableViewCell.swift; sourceTree = "<group>"; };
		3224658022BCCB3F0024C5C6 /* WGDesHospitalHeaderView.swift */ = {isa = PBXFileReference; lastKnownFileType = sourcecode.swift; path = WGDesHospitalHeaderView.swift; sourceTree = "<group>"; };
		322F13B022BB681B00FE561E /* WGTabBarController.swift */ = {isa = PBXFileReference; lastKnownFileType = sourcecode.swift; path = WGTabBarController.swift; sourceTree = "<group>"; };
		322F13B222BB6E0600FE561E /* WGTrainMainViewController.swift */ = {isa = PBXFileReference; lastKnownFileType = sourcecode.swift; path = WGTrainMainViewController.swift; sourceTree = "<group>"; };
		322F13B422BB6E1C00FE561E /* WGMyMainViewController.swift */ = {isa = PBXFileReference; lastKnownFileType = sourcecode.swift; path = WGMyMainViewController.swift; sourceTree = "<group>"; };
		322F13B822BB7AB400FE561E /* WGSetingViewController.swift */ = {isa = PBXFileReference; lastKnownFileType = sourcecode.swift; path = WGSetingViewController.swift; sourceTree = "<group>"; };
		322F13BC22BB8D8800FE561E /* WGHUD.swift */ = {isa = PBXFileReference; lastKnownFileType = sourcecode.swift; path = WGHUD.swift; sourceTree = "<group>"; };
		3258755E22B9CE5000EA3966 /* WGSwiftSimpleProject.app */ = {isa = PBXFileReference; explicitFileType = wrapper.application; includeInIndex = 0; path = WGSwiftSimpleProject.app; sourceTree = BUILT_PRODUCTS_DIR; };
		3258756122B9CE5000EA3966 /* AppDelegate.swift */ = {isa = PBXFileReference; lastKnownFileType = sourcecode.swift; path = AppDelegate.swift; sourceTree = "<group>"; };
		3258756822B9CE5100EA3966 /* Assets.xcassets */ = {isa = PBXFileReference; lastKnownFileType = folder.assetcatalog; path = Assets.xcassets; sourceTree = "<group>"; };
		3258756B22B9CE5100EA3966 /* Base */ = {isa = PBXFileReference; lastKnownFileType = file.storyboard; name = Base; path = Base.lproj/LaunchScreen.storyboard; sourceTree = "<group>"; };
		3258756D22B9CE5100EA3966 /* Info.plist */ = {isa = PBXFileReference; lastKnownFileType = text.plist.xml; path = Info.plist; sourceTree = "<group>"; };
		3258757222B9CE5200EA3966 /* WGSwiftSimpleProjectTests.xctest */ = {isa = PBXFileReference; explicitFileType = wrapper.cfbundle; includeInIndex = 0; path = WGSwiftSimpleProjectTests.xctest; sourceTree = BUILT_PRODUCTS_DIR; };
		3258757622B9CE5200EA3966 /* WGSwiftSimpleProjectTests.swift */ = {isa = PBXFileReference; lastKnownFileType = sourcecode.swift; path = WGSwiftSimpleProjectTests.swift; sourceTree = "<group>"; };
		3258757822B9CE5200EA3966 /* Info.plist */ = {isa = PBXFileReference; lastKnownFileType = text.plist.xml; path = Info.plist; sourceTree = "<group>"; };
		3258757D22B9CE5200EA3966 /* WGSwiftSimpleProjectUITests.xctest */ = {isa = PBXFileReference; explicitFileType = wrapper.cfbundle; includeInIndex = 0; path = WGSwiftSimpleProjectUITests.xctest; sourceTree = BUILT_PRODUCTS_DIR; };
		3258758122B9CE5200EA3966 /* WGSwiftSimpleProjectUITests.swift */ = {isa = PBXFileReference; lastKnownFileType = sourcecode.swift; path = WGSwiftSimpleProjectUITests.swift; sourceTree = "<group>"; };
		3258758322B9CE5200EA3966 /* Info.plist */ = {isa = PBXFileReference; lastKnownFileType = text.plist.xml; path = Info.plist; sourceTree = "<group>"; };
		3258758F22B9D0FB00EA3966 /* WGLoginViewController.swift */ = {isa = PBXFileReference; lastKnownFileType = sourcecode.swift; path = WGLoginViewController.swift; sourceTree = "<group>"; };
		3258759722B9D77F00EA3966 /* UIView_WGFrame.swift */ = {isa = PBXFileReference; fileEncoding = 4; lastKnownFileType = sourcecode.swift; path = UIView_WGFrame.swift; sourceTree = "<group>"; };
		3258759922B9D81900EA3966 /* WGDefineFile.swift */ = {isa = PBXFileReference; lastKnownFileType = sourcecode.swift; path = WGDefineFile.swift; sourceTree = "<group>"; };
		F94196DCFAE0DCC7C11843FB /* Pods-WGSwiftSimpleProject.debug.xcconfig */ = {isa = PBXFileReference; includeInIndex = 1; lastKnownFileType = text.xcconfig; name = "Pods-WGSwiftSimpleProject.debug.xcconfig"; path = "Pods/Target Support Files/Pods-WGSwiftSimpleProject/Pods-WGSwiftSimpleProject.debug.xcconfig"; sourceTree = "<group>"; };
/* End PBXFileReference section */

/* Begin PBXFrameworksBuildPhase section */
		3258755B22B9CE5000EA3966 /* Frameworks */ = {
			isa = PBXFrameworksBuildPhase;
			buildActionMask = 2147483647;
			files = (
				48B8D2CA29AA4D97CD603190 /* Pods_WGSwiftSimpleProject.framework in Frameworks */,
			);
			runOnlyForDeploymentPostprocessing = 0;
		};
		3258756F22B9CE5200EA3966 /* Frameworks */ = {
			isa = PBXFrameworksBuildPhase;
			buildActionMask = 2147483647;
			files = (
			);
			runOnlyForDeploymentPostprocessing = 0;
		};
		3258757A22B9CE5200EA3966 /* Frameworks */ = {
			isa = PBXFrameworksBuildPhase;
			buildActionMask = 2147483647;
			files = (
			);
			runOnlyForDeploymentPostprocessing = 0;
		};
/* End PBXFrameworksBuildPhase section */

/* Begin PBXGroup section */
		3220797F22BA099F009C9461 /* NetWorks */ = {
			isa = PBXGroup;
			children = (
				3220798022BA0A04009C9461 /* WGNetRequest.swift */,
			);
			path = NetWorks;
			sourceTree = "<group>";
		};
		3220798222BA1749009C9461 /* Tools */ = {
			isa = PBXGroup;
			children = (
				3258759722B9D77F00EA3966 /* UIView_WGFrame.swift */,
				3220798322BA179A009C9461 /* WGCommonMethod.swift */,
				322F13BC22BB8D8800FE561E /* WGHUD.swift */,
			);
			path = Tools;
			sourceTree = "<group>";
		};
		3220798522BA1903009C9461 /* Extensions */ = {
			isa = PBXGroup;
			children = (
				3220798622BA1921009C9461 /* String_md5.swift */,
				3220798822BA2033009C9461 /* Dictionary_merge.swift */,
			);
			path = Extensions;
			sourceTree = "<group>";
		};
		322F13B622BB728A00FE561E /* MY */ = {
			isa = PBXGroup;
			children = (
				322F13B422BB6E1C00FE561E /* WGMyMainViewController.swift */,
				322F13B822BB7AB400FE561E /* WGSetingViewController.swift */,
			);
			path = MY;
			sourceTree = "<group>";
		};
		322F13B722BB72A100FE561E /* Train */ = {
			isa = PBXGroup;
			children = (
				32B645AD22BC68950081EF8E /* Models */,
				32B645AC22BC68600081EF8E /* Views */,
				32B645AB22BC683C0081EF8E /* Controllers */,
			);
			path = Train;
			sourceTree = "<group>";
		};
		3258755522B9CE5000EA3966 = {
			isa = PBXGroup;
			children = (
				3258756022B9CE5000EA3966 /* WGSwiftSimpleProject */,
				3258757522B9CE5200EA3966 /* WGSwiftSimpleProjectTests */,
				3258758022B9CE5200EA3966 /* WGSwiftSimpleProjectUITests */,
				3258755F22B9CE5000EA3966 /* Products */,
				C4521E076B118DD148B8AF12 /* Pods */,
				93F7307A51D5AADD0255B1CE /* Frameworks */,
			);
			sourceTree = "<group>";
		};
		3258755F22B9CE5000EA3966 /* Products */ = {
			isa = PBXGroup;
			children = (
				3258755E22B9CE5000EA3966 /* WGSwiftSimpleProject.app */,
				3258757222B9CE5200EA3966 /* WGSwiftSimpleProjectTests.xctest */,
				3258757D22B9CE5200EA3966 /* WGSwiftSimpleProjectUITests.xctest */,
			);
			name = Products;
			sourceTree = "<group>";
		};
		3258756022B9CE5000EA3966 /* WGSwiftSimpleProject */ = {
			isa = PBXGroup;
			children = (
				322F13B722BB72A100FE561E /* Train */,
				322F13B622BB728A00FE561E /* MY */,
				3258759622B9D75A00EA3966 /* Common */,
				3258759222B9D25400EA3966 /* Login */,
				3258759122B9D17C00EA3966 /* AppMain */,
			);
			path = WGSwiftSimpleProject;
			sourceTree = "<group>";
		};
		3258757522B9CE5200EA3966 /* WGSwiftSimpleProjectTests */ = {
			isa = PBXGroup;
			children = (
				3258757622B9CE5200EA3966 /* WGSwiftSimpleProjectTests.swift */,
				3258757822B9CE5200EA3966 /* Info.plist */,
			);
			path = WGSwiftSimpleProjectTests;
			sourceTree = "<group>";
		};
		3258758022B9CE5200EA3966 /* WGSwiftSimpleProjectUITests */ = {
			isa = PBXGroup;
			children = (
				3258758122B9CE5200EA3966 /* WGSwiftSimpleProjectUITests.swift */,
				3258758322B9CE5200EA3966 /* Info.plist */,
			);
			path = WGSwiftSimpleProjectUITests;
			sourceTree = "<group>";
		};
		3258759122B9D17C00EA3966 /* AppMain */ = {
			isa = PBXGroup;
			children = (
				3258756122B9CE5000EA3966 /* AppDelegate.swift */,
				322F13B022BB681B00FE561E /* WGTabBarController.swift */,
				3258759922B9D81900EA3966 /* WGDefineFile.swift */,
				3220798C22BA33DF009C9461 /* WGSwiftSimpleProject-Briding-Header.h */,
				3258756822B9CE5100EA3966 /* Assets.xcassets */,
				3258756A22B9CE5100EA3966 /* LaunchScreen.storyboard */,
				3258756D22B9CE5100EA3966 /* Info.plist */,
			);
			path = AppMain;
			sourceTree = "<group>";
		};
		3258759222B9D25400EA3966 /* Login */ = {
			isa = PBXGroup;
			children = (
				3258759522B9D2B900EA3966 /* Models */,
				3258759422B9D2AF00EA3966 /* Views */,
				3258759322B9D29500EA3966 /* Controllers */,
			);
			path = Login;
			sourceTree = "<group>";
		};
		3258759322B9D29500EA3966 /* Controllers */ = {
			isa = PBXGroup;
			children = (
				3258758F22B9D0FB00EA3966 /* WGLoginViewController.swift */,
			);
			path = Controllers;
			sourceTree = "<group>";
		};
		3258759422B9D2AF00EA3966 /* Views */ = {
			isa = PBXGroup;
			children = (
			);
			path = Views;
			sourceTree = "<group>";
		};
		3258759522B9D2B900EA3966 /* Models */ = {
			isa = PBXGroup;
			children = (
				3220799022BB189C009C9461 /* WGLoginModel.swift */,
			);
			path = Models;
			sourceTree = "<group>";
		};
		3258759622B9D75A00EA3966 /* Common */ = {
			isa = PBXGroup;
			children = (
				3220798522BA1903009C9461 /* Extensions */,
				3220798222BA1749009C9461 /* Tools */,
				3220797F22BA099F009C9461 /* NetWorks */,
			);
			path = Common;
			sourceTree = "<group>";
		};
		32B645AB22BC683C0081EF8E /* Controllers */ = {
			isa = PBXGroup;
			children = (
				322F13B222BB6E0600FE561E /* WGTrainMainViewController.swift */,
			);
			path = Controllers;
			sourceTree = "<group>";
		};
		32B645AC22BC68600081EF8E /* Views */ = {
			isa = PBXGroup;
			children = (
				3224657A22BCA4120024C5C6 /* WGAdvertisingCollectionViewCell.swift */,
				3224657E22BCAFFC0024C5C6 /* WGDescovHospitalTableViewCell.swift */,
				3224658022BCCB3F0024C5C6 /* WGDesHospitalHeaderView.swift */,
			);
			path = Views;
			sourceTree = "<group>";
		};
		32B645AD22BC68950081EF8E /* Models */ = {
			isa = PBXGroup;
			children = (
				3224657822BC86250024C5C6 /* WGAdvertisingModel.swift */,
				3224657C22BCAB480024C5C6 /* WGDescovHospitalListModel.swift */,
			);
			path = Models;
			sourceTree = "<group>";
		};
		93F7307A51D5AADD0255B1CE /* Frameworks */ = {
			isa = PBXGroup;
			children = (
				068042F1015F5F1FD488B9B4 /* Pods_WGSwiftSimpleProject.framework */,
			);
			name = Frameworks;
			sourceTree = "<group>";
		};
		C4521E076B118DD148B8AF12 /* Pods */ = {
			isa = PBXGroup;
			children = (
				F94196DCFAE0DCC7C11843FB /* Pods-WGSwiftSimpleProject.debug.xcconfig */,
				05B3593A6FA6D383067F50C8 /* Pods-WGSwiftSimpleProject.release.xcconfig */,
			);
			name = Pods;
			sourceTree = "<group>";
		};
/* End PBXGroup section */

/* Begin PBXNativeTarget section */
		3258755D22B9CE5000EA3966 /* WGSwiftSimpleProject */ = {
			isa = PBXNativeTarget;
			buildConfigurationList = 3258758622B9CE5200EA3966 /* Build configuration list for PBXNativeTarget "WGSwiftSimpleProject" */;
			buildPhases = (
				2DDA283655EBEF96281EE9E0 /* [CP] Check Pods Manifest.lock */,
				3258755A22B9CE5000EA3966 /* Sources */,
				3258755B22B9CE5000EA3966 /* Frameworks */,
				3258755C22B9CE5000EA3966 /* Resources */,
				BD4581D6C157C7BF75E73ABF /* [CP] Embed Pods Frameworks */,
			);
			buildRules = (
			);
			dependencies = (
			);
			name = WGSwiftSimpleProject;
			productName = WGSwiftSimpleProject;
			productReference = 3258755E22B9CE5000EA3966 /* WGSwiftSimpleProject.app */;
			productType = "com.apple.product-type.application";
		};
		3258757122B9CE5200EA3966 /* WGSwiftSimpleProjectTests */ = {
			isa = PBXNativeTarget;
			buildConfigurationList = 3258758922B9CE5200EA3966 /* Build configuration list for PBXNativeTarget "WGSwiftSimpleProjectTests" */;
			buildPhases = (
				3258756E22B9CE5200EA3966 /* Sources */,
				3258756F22B9CE5200EA3966 /* Frameworks */,
				3258757022B9CE5200EA3966 /* Resources */,
			);
			buildRules = (
			);
			dependencies = (
				3258757422B9CE5200EA3966 /* PBXTargetDependency */,
			);
			name = WGSwiftSimpleProjectTests;
			productName = WGSwiftSimpleProjectTests;
			productReference = 3258757222B9CE5200EA3966 /* WGSwiftSimpleProjectTests.xctest */;
			productType = "com.apple.product-type.bundle.unit-test";
		};
		3258757C22B9CE5200EA3966 /* WGSwiftSimpleProjectUITests */ = {
			isa = PBXNativeTarget;
			buildConfigurationList = 3258758C22B9CE5200EA3966 /* Build configuration list for PBXNativeTarget "WGSwiftSimpleProjectUITests" */;
			buildPhases = (
				3258757922B9CE5200EA3966 /* Sources */,
				3258757A22B9CE5200EA3966 /* Frameworks */,
				3258757B22B9CE5200EA3966 /* Resources */,
			);
			buildRules = (
			);
			dependencies = (
				3258757F22B9CE5200EA3966 /* PBXTargetDependency */,
			);
			name = WGSwiftSimpleProjectUITests;
			productName = WGSwiftSimpleProjectUITests;
			productReference = 3258757D22B9CE5200EA3966 /* WGSwiftSimpleProjectUITests.xctest */;
			productType = "com.apple.product-type.bundle.ui-testing";
		};
/* End PBXNativeTarget section */

/* Begin PBXProject section */
		3258755622B9CE5000EA3966 /* Project object */ = {
			isa = PBXProject;
			attributes = {
				CLASSPREFIX = WG;
				LastSwiftUpdateCheck = 1000;
				LastUpgradeCheck = 1000;
				ORGANIZATIONNAME = wg;
				TargetAttributes = {
					3258755D22B9CE5000EA3966 = {
						CreatedOnToolsVersion = 10.0;
					};
					3258757122B9CE5200EA3966 = {
						CreatedOnToolsVersion = 10.0;
						TestTargetID = 3258755D22B9CE5000EA3966;
					};
					3258757C22B9CE5200EA3966 = {
						CreatedOnToolsVersion = 10.0;
						TestTargetID = 3258755D22B9CE5000EA3966;
					};
				};
			};
			buildConfigurationList = 3258755922B9CE5000EA3966 /* Build configuration list for PBXProject "WGSwiftSimpleProject" */;
			compatibilityVersion = "Xcode 9.3";
			developmentRegion = en;
			hasScannedForEncodings = 0;
			knownRegions = (
				en,
				Base,
			);
			mainGroup = 3258755522B9CE5000EA3966;
			productRefGroup = 3258755F22B9CE5000EA3966 /* Products */;
			projectDirPath = "";
			projectRoot = "";
			targets = (
				3258755D22B9CE5000EA3966 /* WGSwiftSimpleProject */,
				3258757122B9CE5200EA3966 /* WGSwiftSimpleProjectTests */,
				3258757C22B9CE5200EA3966 /* WGSwiftSimpleProjectUITests */,
			);
		};
/* End PBXProject section */

/* Begin PBXResourcesBuildPhase section */
		3258755C22B9CE5000EA3966 /* Resources */ = {
			isa = PBXResourcesBuildPhase;
			buildActionMask = 2147483647;
			files = (
				3258756C22B9CE5100EA3966 /* LaunchScreen.storyboard in Resources */,
				3258756922B9CE5100EA3966 /* Assets.xcassets in Resources */,
			);
			runOnlyForDeploymentPostprocessing = 0;
		};
		3258757022B9CE5200EA3966 /* Resources */ = {
			isa = PBXResourcesBuildPhase;
			buildActionMask = 2147483647;
			files = (
			);
			runOnlyForDeploymentPostprocessing = 0;
		};
		3258757B22B9CE5200EA3966 /* Resources */ = {
			isa = PBXResourcesBuildPhase;
			buildActionMask = 2147483647;
			files = (
			);
			runOnlyForDeploymentPostprocessing = 0;
		};
/* End PBXResourcesBuildPhase section */

/* Begin PBXShellScriptBuildPhase section */
		2DDA283655EBEF96281EE9E0 /* [CP] Check Pods Manifest.lock */ = {
			isa = PBXShellScriptBuildPhase;
			buildActionMask = 2147483647;
			files = (
			);
			inputFileListPaths = (
			);
			inputPaths = (
				"${PODS_PODFILE_DIR_PATH}/Podfile.lock",
				"${PODS_ROOT}/Manifest.lock",
			);
			name = "[CP] Check Pods Manifest.lock";
			outputFileListPaths = (
			);
			outputPaths = (
				"$(DERIVED_FILE_DIR)/Pods-WGSwiftSimpleProject-checkManifestLockResult.txt",
			);
			runOnlyForDeploymentPostprocessing = 0;
			shellPath = /bin/sh;
			shellScript = "diff \"${PODS_PODFILE_DIR_PATH}/Podfile.lock\" \"${PODS_ROOT}/Manifest.lock\" > /dev/null\nif [ $? != 0 ] ; then\n    # print error to STDERR\n    echo \"error: The sandbox is not in sync with the Podfile.lock. Run 'pod install' or update your CocoaPods installation.\" >&2\n    exit 1\nfi\n# This output is used by Xcode 'outputs' to avoid re-running this script phase.\necho \"SUCCESS\" > \"${SCRIPT_OUTPUT_FILE_0}\"\n";
			showEnvVarsInLog = 0;
		};
		BD4581D6C157C7BF75E73ABF /* [CP] Embed Pods Frameworks */ = {
			isa = PBXShellScriptBuildPhase;
			buildActionMask = 2147483647;
			files = (
			);
			inputFileListPaths = (
			);
			inputPaths = (
				"${SRCROOT}/Pods/Target Support Files/Pods-WGSwiftSimpleProject/Pods-WGSwiftSimpleProject-frameworks.sh",
				"${BUILT_PRODUCTS_DIR}/Alamofire/Alamofire.framework",
				"${BUILT_PRODUCTS_DIR}/MJExtension/MJExtension.framework",
				"${BUILT_PRODUCTS_DIR}/MJRefresh/MJRefresh.framework",
				"${BUILT_PRODUCTS_DIR}/PKHUD/PKHUD.framework",
				"${BUILT_PRODUCTS_DIR}/SDCycleScrollView/SDCycleScrollView.framework",
				"${BUILT_PRODUCTS_DIR}/SDWebImage/SDWebImage.framework",
				"${BUILT_PRODUCTS_DIR}/SwiftyJSON/SwiftyJSON.framework",
				"${BUILT_PRODUCTS_DIR}/TYAlertController/TYAlertController.framework",
			);
			name = "[CP] Embed Pods Frameworks";
			outputFileListPaths = (
			);
			outputPaths = (
				"${TARGET_BUILD_DIR}/${FRAMEWORKS_FOLDER_PATH}/Alamofire.framework",
				"${TARGET_BUILD_DIR}/${FRAMEWORKS_FOLDER_PATH}/MJExtension.framework",
				"${TARGET_BUILD_DIR}/${FRAMEWORKS_FOLDER_PATH}/MJRefresh.framework",
				"${TARGET_BUILD_DIR}/${FRAMEWORKS_FOLDER_PATH}/PKHUD.framework",
				"${TARGET_BUILD_DIR}/${FRAMEWORKS_FOLDER_PATH}/SDCycleScrollView.framework",
				"${TARGET_BUILD_DIR}/${FRAMEWORKS_FOLDER_PATH}/SDWebImage.framework",
				"${TARGET_BUILD_DIR}/${FRAMEWORKS_FOLDER_PATH}/SwiftyJSON.framework",
				"${TARGET_BUILD_DIR}/${FRAMEWORKS_FOLDER_PATH}/TYAlertController.framework",
			);
			runOnlyForDeploymentPostprocessing = 0;
			shellPath = /bin/sh;
			shellScript = "\"${SRCROOT}/Pods/Target Support Files/Pods-WGSwiftSimpleProject/Pods-WGSwiftSimpleProject-frameworks.sh\"\n";
			showEnvVarsInLog = 0;
		};
/* End PBXShellScriptBuildPhase section */

/* Begin PBXSourcesBuildPhase section */
		3258755A22B9CE5000EA3966 /* Sources */ = {
			isa = PBXSourcesBuildPhase;
			buildActionMask = 2147483647;
			files = (
				322F13B322BB6E0600FE561E /* WGTrainMainViewController.swift in Sources */,
				3258759022B9D0FB00EA3966 /* WGLoginViewController.swift in Sources */,
				3220798422BA179A009C9461 /* WGCommonMethod.swift in Sources */,
				3224657922BC86250024C5C6 /* WGAdvertisingModel.swift in Sources */,
				322F13B522BB6E1C00FE561E /* WGMyMainViewController.swift in Sources */,
				3224657B22BCA4120024C5C6 /* WGAdvertisingCollectionViewCell.swift in Sources */,
				3220798722BA1921009C9461 /* String_md5.swift in Sources */,
				322F13B122BB681B00FE561E /* WGTabBarController.swift in Sources */,
				3258756222B9CE5000EA3966 /* AppDelegate.swift in Sources */,
				3258759A22B9D81900EA3966 /* WGDefineFile.swift in Sources */,
				3258759822B9D77F00EA3966 /* UIView_WGFrame.swift in Sources */,
				3220798922BA2033009C9461 /* Dictionary_merge.swift in Sources */,
				3220798122BA0A04009C9461 /* WGNetRequest.swift in Sources */,
				3224658122BCCB3F0024C5C6 /* WGDesHospitalHeaderView.swift in Sources */,
				322F13BD22BB8D8800FE561E /* WGHUD.swift in Sources */,
				3220799122BB189C009C9461 /* WGLoginModel.swift in Sources */,
				322F13B922BB7AB400FE561E /* WGSetingViewController.swift in Sources */,
				3224657D22BCAB480024C5C6 /* WGDescovHospitalListModel.swift in Sources */,
				3224657F22BCAFFC0024C5C6 /* WGDescovHospitalTableViewCell.swift in Sources */,
			);
			runOnlyForDeploymentPostprocessing = 0;
		};
		3258756E22B9CE5200EA3966 /* Sources */ = {
			isa = PBXSourcesBuildPhase;
			buildActionMask = 2147483647;
			files = (
				3258757722B9CE5200EA3966 /* WGSwiftSimpleProjectTests.swift in Sources */,
			);
			runOnlyForDeploymentPostprocessing = 0;
		};
		3258757922B9CE5200EA3966 /* Sources */ = {
			isa = PBXSourcesBuildPhase;
			buildActionMask = 2147483647;
			files = (
				3258758222B9CE5200EA3966 /* WGSwiftSimpleProjectUITests.swift in Sources */,
			);
			runOnlyForDeploymentPostprocessing = 0;
		};
/* End PBXSourcesBuildPhase section */

/* Begin PBXTargetDependency section */
		3258757422B9CE5200EA3966 /* PBXTargetDependency */ = {
			isa = PBXTargetDependency;
			target = 3258755D22B9CE5000EA3966 /* WGSwiftSimpleProject */;
			targetProxy = 3258757322B9CE5200EA3966 /* PBXContainerItemProxy */;
		};
		3258757F22B9CE5200EA3966 /* PBXTargetDependency */ = {
			isa = PBXTargetDependency;
			target = 3258755D22B9CE5000EA3966 /* WGSwiftSimpleProject */;
			targetProxy = 3258757E22B9CE5200EA3966 /* PBXContainerItemProxy */;
		};
/* End PBXTargetDependency section */

/* Begin PBXVariantGroup section */
		3258756A22B9CE5100EA3966 /* LaunchScreen.storyboard */ = {
			isa = PBXVariantGroup;
			children = (
				3258756B22B9CE5100EA3966 /* Base */,
			);
			name = LaunchScreen.storyboard;
			sourceTree = "<group>";
		};
/* End PBXVariantGroup section */

/* Begin XCBuildConfiguration section */
		3258758422B9CE5200EA3966 /* Debug */ = {
			isa = XCBuildConfiguration;
			buildSettings = {
				ALWAYS_SEARCH_USER_PATHS = NO;
				CLANG_ANALYZER_NONNULL = YES;
				CLANG_ANALYZER_NUMBER_OBJECT_CONVERSION = YES_AGGRESSIVE;
				CLANG_CXX_LANGUAGE_STANDARD = "gnu++14";
				CLANG_CXX_LIBRARY = "libc++";
				CLANG_ENABLE_MODULES = YES;
				CLANG_ENABLE_OBJC_ARC = YES;
				CLANG_ENABLE_OBJC_WEAK = YES;
				CLANG_WARN_BLOCK_CAPTURE_AUTORELEASING = YES;
				CLANG_WARN_BOOL_CONVERSION = YES;
				CLANG_WARN_COMMA = YES;
				CLANG_WARN_CONSTANT_CONVERSION = YES;
				CLANG_WARN_DEPRECATED_OBJC_IMPLEMENTATIONS = YES;
				CLANG_WARN_DIRECT_OBJC_ISA_USAGE = YES_ERROR;
				CLANG_WARN_DOCUMENTATION_COMMENTS = YES;
				CLANG_WARN_EMPTY_BODY = YES;
				CLANG_WARN_ENUM_CONVERSION = YES;
				CLANG_WARN_INFINITE_RECURSION = YES;
				CLANG_WARN_INT_CONVERSION = YES;
				CLANG_WARN_NON_LITERAL_NULL_CONVERSION = YES;
				CLANG_WARN_OBJC_IMPLICIT_RETAIN_SELF = YES;
				CLANG_WARN_OBJC_LITERAL_CONVERSION = YES;
				CLANG_WARN_OBJC_ROOT_CLASS = YES_ERROR;
				CLANG_WARN_RANGE_LOOP_ANALYSIS = YES;
				CLANG_WARN_STRICT_PROTOTYPES = YES;
				CLANG_WARN_SUSPICIOUS_MOVE = YES;
				CLANG_WARN_UNGUARDED_AVAILABILITY = YES_AGGRESSIVE;
				CLANG_WARN_UNREACHABLE_CODE = YES;
				CLANG_WARN__DUPLICATE_METHOD_MATCH = YES;
				CODE_SIGN_IDENTITY = "iPhone Developer";
				COPY_PHASE_STRIP = NO;
				DEBUG_INFORMATION_FORMAT = dwarf;
				ENABLE_STRICT_OBJC_MSGSEND = YES;
				ENABLE_TESTABILITY = YES;
				GCC_C_LANGUAGE_STANDARD = gnu11;
				GCC_DYNAMIC_NO_PIC = NO;
				GCC_NO_COMMON_BLOCKS = YES;
				GCC_OPTIMIZATION_LEVEL = 0;
				GCC_PREPROCESSOR_DEFINITIONS = (
					"DEBUG=1",
					"$(inherited)",
				);
				GCC_WARN_64_TO_32_BIT_CONVERSION = YES;
				GCC_WARN_ABOUT_RETURN_TYPE = YES_ERROR;
				GCC_WARN_UNDECLARED_SELECTOR = YES;
				GCC_WARN_UNINITIALIZED_AUTOS = YES_AGGRESSIVE;
				GCC_WARN_UNUSED_FUNCTION = YES;
				GCC_WARN_UNUSED_VARIABLE = YES;
				IPHONEOS_DEPLOYMENT_TARGET = 12.0;
				MTL_ENABLE_DEBUG_INFO = INCLUDE_SOURCE;
				MTL_FAST_MATH = YES;
				ONLY_ACTIVE_ARCH = YES;
				SDKROOT = iphoneos;
				SWIFT_ACTIVE_COMPILATION_CONDITIONS = DEBUG;
				SWIFT_OPTIMIZATION_LEVEL = "-Onone";
				SWIFT_VERSION = 5.0;
			};
			name = Debug;
		};
		3258758522B9CE5200EA3966 /* Release */ = {
			isa = XCBuildConfiguration;
			buildSettings = {
				ALWAYS_SEARCH_USER_PATHS = NO;
				CLANG_ANALYZER_NONNULL = YES;
				CLANG_ANALYZER_NUMBER_OBJECT_CONVERSION = YES_AGGRESSIVE;
				CLANG_CXX_LANGUAGE_STANDARD = "gnu++14";
				CLANG_CXX_LIBRARY = "libc++";
				CLANG_ENABLE_MODULES = YES;
				CLANG_ENABLE_OBJC_ARC = YES;
				CLANG_ENABLE_OBJC_WEAK = YES;
				CLANG_WARN_BLOCK_CAPTURE_AUTORELEASING = YES;
				CLANG_WARN_BOOL_CONVERSION = YES;
				CLANG_WARN_COMMA = YES;
				CLANG_WARN_CONSTANT_CONVERSION = YES;
				CLANG_WARN_DEPRECATED_OBJC_IMPLEMENTATIONS = YES;
				CLANG_WARN_DIRECT_OBJC_ISA_USAGE = YES_ERROR;
				CLANG_WARN_DOCUMENTATION_COMMENTS = YES;
				CLANG_WARN_EMPTY_BODY = YES;
				CLANG_WARN_ENUM_CONVERSION = YES;
				CLANG_WARN_INFINITE_RECURSION = YES;
				CLANG_WARN_INT_CONVERSION = YES;
				CLANG_WARN_NON_LITERAL_NULL_CONVERSION = YES;
				CLANG_WARN_OBJC_IMPLICIT_RETAIN_SELF = YES;
				CLANG_WARN_OBJC_LITERAL_CONVERSION = YES;
				CLANG_WARN_OBJC_ROOT_CLASS = YES_ERROR;
				CLANG_WARN_RANGE_LOOP_ANALYSIS = YES;
				CLANG_WARN_STRICT_PROTOTYPES = YES;
				CLANG_WARN_SUSPICIOUS_MOVE = YES;
				CLANG_WARN_UNGUARDED_AVAILABILITY = YES_AGGRESSIVE;
				CLANG_WARN_UNREACHABLE_CODE = YES;
				CLANG_WARN__DUPLICATE_METHOD_MATCH = YES;
				CODE_SIGN_IDENTITY = "iPhone Developer";
				COPY_PHASE_STRIP = NO;
				DEBUG_INFORMATION_FORMAT = "dwarf-with-dsym";
				ENABLE_NS_ASSERTIONS = NO;
				ENABLE_STRICT_OBJC_MSGSEND = YES;
				GCC_C_LANGUAGE_STANDARD = gnu11;
				GCC_NO_COMMON_BLOCKS = YES;
				GCC_WARN_64_TO_32_BIT_CONVERSION = YES;
				GCC_WARN_ABOUT_RETURN_TYPE = YES_ERROR;
				GCC_WARN_UNDECLARED_SELECTOR = YES;
				GCC_WARN_UNINITIALIZED_AUTOS = YES_AGGRESSIVE;
				GCC_WARN_UNUSED_FUNCTION = YES;
				GCC_WARN_UNUSED_VARIABLE = YES;
				IPHONEOS_DEPLOYMENT_TARGET = 12.0;
				MTL_ENABLE_DEBUG_INFO = NO;
				MTL_FAST_MATH = YES;
				SDKROOT = iphoneos;
				SWIFT_COMPILATION_MODE = wholemodule;
				SWIFT_OPTIMIZATION_LEVEL = "-O";
				SWIFT_VERSION = 5.0;
				VALIDATE_PRODUCT = YES;
			};
			name = Release;
		};
		3258758722B9CE5200EA3966 /* Debug */ = {
			isa = XCBuildConfiguration;
			baseConfigurationReference = F94196DCFAE0DCC7C11843FB /* Pods-WGSwiftSimpleProject.debug.xcconfig */;
			buildSettings = {
				ASSETCATALOG_COMPILER_APPICON_NAME = AppIcon;
				CODE_SIGN_STYLE = Automatic;
				DEVELOPMENT_TEAM = 49T87S5RLN;
				INFOPLIST_FILE = WGSwiftSimpleProject/AppMain/Info.plist;
				LD_RUNPATH_SEARCH_PATHS = (
					"$(inherited)",
					"@executable_path/Frameworks",
				);
				PRODUCT_BUNDLE_IDENTIFIER = com.wg.WGSwiftSimpleProject;
				PRODUCT_NAME = "$(TARGET_NAME)";
				SWIFT_OBJC_BRIDGING_HEADER = "WGSwiftSimpleProject/AppMain/WGSwiftSimpleProject-Briding-Header.h";
				SWIFT_SWIFT3_OBJC_INFERENCE = Default;
				SWIFT_VERSION = 5.0;
				TARGETED_DEVICE_FAMILY = "1,2";
				USER_HEADER_SEARCH_PATHS = "${SRCROOT}/**";
			};
			name = Debug;
		};
		3258758822B9CE5200EA3966 /* Release */ = {
			isa = XCBuildConfiguration;
			baseConfigurationReference = 05B3593A6FA6D383067F50C8 /* Pods-WGSwiftSimpleProject.release.xcconfig */;
			buildSettings = {
				ASSETCATALOG_COMPILER_APPICON_NAME = AppIcon;
				CODE_SIGN_STYLE = Automatic;
				DEVELOPMENT_TEAM = 49T87S5RLN;
				INFOPLIST_FILE = WGSwiftSimpleProject/AppMain/Info.plist;
				LD_RUNPATH_SEARCH_PATHS = (
					"$(inherited)",
					"@executable_path/Frameworks",
				);
				PRODUCT_BUNDLE_IDENTIFIER = com.wg.WGSwiftSimpleProject;
				PRODUCT_NAME = "$(TARGET_NAME)";
				SWIFT_OBJC_BRIDGING_HEADER = "WGSwiftSimpleProject/AppMain/WGSwiftSimpleProject-Briding-Header.h";
				SWIFT_SWIFT3_OBJC_INFERENCE = Default;
				SWIFT_VERSION = 5.0;
				TARGETED_DEVICE_FAMILY = "1,2";
				USER_HEADER_SEARCH_PATHS = "${SRCROOT}/**";
			};
			name = Release;
		};
		3258758A22B9CE5200EA3966 /* Debug */ = {
			isa = XCBuildConfiguration;
			buildSettings = {
				ALWAYS_EMBED_SWIFT_STANDARD_LIBRARIES = YES;
				BUNDLE_LOADER = "$(TEST_HOST)";
				CODE_SIGN_STYLE = Automatic;
				DEVELOPMENT_TEAM = 49T87S5RLN;
				INFOPLIST_FILE = WGSwiftSimpleProjectTests/Info.plist;
				LD_RUNPATH_SEARCH_PATHS = (
					"$(inherited)",
					"@executable_path/Frameworks",
					"@loader_path/Frameworks",
				);
				PRODUCT_BUNDLE_IDENTIFIER = com.wg.WGSwiftSimpleProjectTests;
				PRODUCT_NAME = "$(TARGET_NAME)";
				SWIFT_VERSION = 5.0;
				TARGETED_DEVICE_FAMILY = "1,2";
				TEST_HOST = "$(BUILT_PRODUCTS_DIR)/WGSwiftSimpleProject.app/WGSwiftSimpleProject";
			};
			name = Debug;
		};
		3258758B22B9CE5200EA3966 /* Release */ = {
			isa = XCBuildConfiguration;
			buildSettings = {
				ALWAYS_EMBED_SWIFT_STANDARD_LIBRARIES = YES;
				BUNDLE_LOADER = "$(TEST_HOST)";
				CODE_SIGN_STYLE = Automatic;
				DEVELOPMENT_TEAM = 49T87S5RLN;
				INFOPLIST_FILE = WGSwiftSimpleProjectTests/Info.plist;
				LD_RUNPATH_SEARCH_PATHS = (
					"$(inherited)",
					"@executable_path/Frameworks",
					"@loader_path/Frameworks",
				);
				PRODUCT_BUNDLE_IDENTIFIER = com.wg.WGSwiftSimpleProjectTests;
				PRODUCT_NAME = "$(TARGET_NAME)";
				SWIFT_VERSION = 5.0;
				TARGETED_DEVICE_FAMILY = "1,2";
				TEST_HOST = "$(BUILT_PRODUCTS_DIR)/WGSwiftSimpleProject.app/WGSwiftSimpleProject";
			};
			name = Release;
		};
		3258758D22B9CE5200EA3966 /* Debug */ = {
			isa = XCBuildConfiguration;
			buildSettings = {
				ALWAYS_EMBED_SWIFT_STANDARD_LIBRARIES = YES;
				CODE_SIGN_STYLE = Automatic;
				DEVELOPMENT_TEAM = 49T87S5RLN;
				INFOPLIST_FILE = WGSwiftSimpleProjectUITests/Info.plist;
				LD_RUNPATH_SEARCH_PATHS = (
					"$(inherited)",
					"@executable_path/Frameworks",
					"@loader_path/Frameworks",
				);
				PRODUCT_BUNDLE_IDENTIFIER = com.wg.WGSwiftSimpleProjectUITests;
				PRODUCT_NAME = "$(TARGET_NAME)";
				SWIFT_VERSION = 5.0;
				TARGETED_DEVICE_FAMILY = "1,2";
				TEST_TARGET_NAME = WGSwiftSimpleProject;
			};
			name = Debug;
		};
		3258758E22B9CE5200EA3966 /* Release */ = {
			isa = XCBuildConfiguration;
			buildSettings = {
				ALWAYS_EMBED_SWIFT_STANDARD_LIBRARIES = YES;
				CODE_SIGN_STYLE = Automatic;
				DEVELOPMENT_TEAM = 49T87S5RLN;
				INFOPLIST_FILE = WGSwiftSimpleProjectUITests/Info.plist;
				LD_RUNPATH_SEARCH_PATHS = (
					"$(inherited)",
					"@executable_path/Frameworks",
					"@loader_path/Frameworks",
				);
				PRODUCT_BUNDLE_IDENTIFIER = com.wg.WGSwiftSimpleProjectUITests;
				PRODUCT_NAME = "$(TARGET_NAME)";
				SWIFT_VERSION = 5.0;
				TARGETED_DEVICE_FAMILY = "1,2";
				TEST_TARGET_NAME = WGSwiftSimpleProject;
			};
			name = Release;
		};
/* End XCBuildConfiguration section */

/* Begin XCConfigurationList section */
		3258755922B9CE5000EA3966 /* Build configuration list for PBXProject "WGSwiftSimpleProject" */ = {
			isa = XCConfigurationList;
			buildConfigurations = (
				3258758422B9CE5200EA3966 /* Debug */,
				3258758522B9CE5200EA3966 /* Release */,
			);
			defaultConfigurationIsVisible = 0;
			defaultConfigurationName = Release;
		};
		3258758622B9CE5200EA3966 /* Build configuration list for PBXNativeTarget "WGSwiftSimpleProject" */ = {
			isa = XCConfigurationList;
			buildConfigurations = (
				3258758722B9CE5200EA3966 /* Debug */,
				3258758822B9CE5200EA3966 /* Release */,
			);
			defaultConfigurationIsVisible = 0;
			defaultConfigurationName = Release;
		};
		3258758922B9CE5200EA3966 /* Build configuration list for PBXNativeTarget "WGSwiftSimpleProjectTests" */ = {
			isa = XCConfigurationList;
			buildConfigurations = (
				3258758A22B9CE5200EA3966 /* Debug */,
				3258758B22B9CE5200EA3966 /* Release */,
			);
			defaultConfigurationIsVisible = 0;
			defaultConfigurationName = Release;
		};
		3258758C22B9CE5200EA3966 /* Build configuration list for PBXNativeTarget "WGSwiftSimpleProjectUITests" */ = {
			isa = XCConfigurationList;
			buildConfigurations = (
				3258758D22B9CE5200EA3966 /* Debug */,
				3258758E22B9CE5200EA3966 /* Release */,
			);
			defaultConfigurationIsVisible = 0;
			defaultConfigurationName = Release;
		};
/* End XCConfigurationList section */
	};
	rootObject = 3258755622B9CE5000EA3966 /* Project object */;
}
